
Microsoft Visual Studio Solution File, Format Version 12.00
# Visual Studio Version 17
VisualStudioVersion = 17.3.32929.385
MinimumVisualStudioVersion = 10.0.40219.1
Project("{FAE04EC0-301F-11D3-BF4B-00C04F79EFBC}") = "Boats", "Boats\Boats.csproj", "{49C16363-0AAC-4619-AC4B-945B26DBC238}"
EndProject
Project("{FAE04EC0-301F-11D3-BF4B-00C04F79EFBC}") = "CustomBoat", "CustomBoat\CustomBoat.csproj", "{D0AF8BC4-B185-4E9C-A7B6-3BC7D4F3DA2A}"
EndProject
Global
	GlobalSection(SolutionConfigurationPlatforms) = preSolution
		Debug|Any CPU = Debug|Any CPU
		Release|Any CPU = Release|Any CPU
	EndGlobalSection
	GlobalSection(ProjectConfigurationPlatforms) = postSolution
		{49C16363-0AAC-4619-AC4B-945B26DBC238}.Debug|Any CPU.ActiveCfg = Debug|Any CPU
		{49C16363-0AAC-4619-AC4B-945B26DBC238}.Debug|Any CPU.Build.0 = Debug|Any CPU
		{49C16363-0AAC-4619-AC4B-945B26DBC238}.Release|Any CPU.ActiveCfg = Release|Any CPU
		{49C16363-0AAC-4619-AC4B-945B26DBC238}.Release|Any CPU.Build.0 = Release|Any CPU
		{D0AF8BC4-B185-4E9C-A7B6-3BC7D4F3DA2A}.Debug|Any CPU.ActiveCfg = Debug|Any CPU
		{D0AF8BC4-B185-4E9C-A7B6-3BC7D4F3DA2A}.Debug|Any CPU.Build.0 = Debug|Any CPU
		{D0AF8BC4-B185-4E9C-A7B6-3BC7D4F3DA2A}.Release|Any CPU.ActiveCfg = Release|Any CPU
		{D0AF8BC4-B185-4E9C-A7B6-3BC7D4F3DA2A}.Release|Any CPU.Build.0 = Release|Any CPU
	EndGlobalSection
	GlobalSection(SolutionProperties) = preSolution
		HideSolutionNode = FALSE
	EndGlobalSection
	GlobalSection(ExtensibilityGlobals) = postSolution
		SolutionGuid = {BAAEBB08-58BC-4903-878C-7EFD845B1B7A}
	EndGlobalSection
EndGlobal
